
Microsoft Visual Studio Solution File, Format Version 12.00
# Visual Studio Version 16
VisualStudioVersion = 16.0.30413.136
MinimumVisualStudioVersion = 10.0.40219.1
Project("{8BC9CEB8-8B4A-11D0-8D11-00A0C91BC942}") = "Advent1", "Advent1\Advent1.vcxproj", "{72053484-C0B8-4F61-AAEB-5C7EF2CF3B75}"
EndProject
Project("{8BC9CEB8-8B4A-11D0-8D11-00A0C91BC942}") = "Advent1Part2", "Advent1Part2\Advent1Part2.vcxproj", "{D4A85DBF-34E9-45C7-955A-BFA9DA77DB5E}"
EndProject
Project("{8BC9CEB8-8B4A-11D0-8D11-00A0C91BC942}") = "Advent2Part1", "Advent2Part1\Advent2Part1.vcxproj", "{F73FA934-74EE-4513-B569-C6C368182E6B}"
EndProject
Project("{8BC9CEB8-8B4A-11D0-8D11-00A0C91BC942}") = "Advent2Part2", "Advent2Part2\Advent2Part2.vcxproj", "{89A1C455-687E-4281-BD83-B2FA3ABD5DF4}"
EndProject
Global
	GlobalSection(SolutionConfigurationPlatforms) = preSolution
		Debug|x64 = Debug|x64
		Debug|x86 = Debug|x86
		Release|x64 = Release|x64
		Release|x86 = Release|x86
	EndGlobalSection
	GlobalSection(ProjectConfigurationPlatforms) = postSolution
		{72053484-C0B8-4F61-AAEB-5C7EF2CF3B75}.Debug|x64.ActiveCfg = Debug|x64
		{72053484-C0B8-4F61-AAEB-5C7EF2CF3B75}.Debug|x64.Build.0 = Debug|x64
		{72053484-C0B8-4F61-AAEB-5C7EF2CF3B75}.Debug|x86.ActiveCfg = Debug|Win32
		{72053484-C0B8-4F61-AAEB-5C7EF2CF3B75}.Debug|x86.Build.0 = Debug|Win32
		{72053484-C0B8-4F61-AAEB-5C7EF2CF3B75}.Release|x64.ActiveCfg = Release|x64
		{72053484-C0B8-4F61-AAEB-5C7EF2CF3B75}.Release|x64.Build.0 = Release|x64
		{72053484-C0B8-4F61-AAEB-5C7EF2CF3B75}.Release|x86.ActiveCfg = Release|Win32
		{72053484-C0B8-4F61-AAEB-5C7EF2CF3B75}.Release|x86.Build.0 = Release|Win32
		{D4A85DBF-34E9-45C7-955A-BFA9DA77DB5E}.Debug|x64.ActiveCfg = Debug|x64
		{D4A85DBF-34E9-45C7-955A-BFA9DA77DB5E}.Debug|x64.Build.0 = Debug|x64
		{D4A85DBF-34E9-45C7-955A-BFA9DA77DB5E}.Debug|x86.ActiveCfg = Debug|Win32
		{D4A85DBF-34E9-45C7-955A-BFA9DA77DB5E}.Debug|x86.Build.0 = Debug|Win32
		{D4A85DBF-34E9-45C7-955A-BFA9DA77DB5E}.Release|x64.ActiveCfg = Release|x64
		{D4A85DBF-34E9-45C7-955A-BFA9DA77DB5E}.Release|x64.Build.0 = Release|x64
		{D4A85DBF-34E9-45C7-955A-BFA9DA77DB5E}.Release|x86.ActiveCfg = Release|Win32
		{D4A85DBF-34E9-45C7-955A-BFA9DA77DB5E}.Release|x86.Build.0 = Release|Win32
		{F73FA934-74EE-4513-B569-C6C368182E6B}.Debug|x64.ActiveCfg = Debug|x64
		{F73FA934-74EE-4513-B569-C6C368182E6B}.Debug|x64.Build.0 = Debug|x64
		{F73FA934-74EE-4513-B569-C6C368182E6B}.Debug|x86.ActiveCfg = Debug|Win32
		{F73FA934-74EE-4513-B569-C6C368182E6B}.Debug|x86.Build.0 = Debug|Win32
		{F73FA934-74EE-4513-B569-C6C368182E6B}.Release|x64.ActiveCfg = Release|x64
		{F73FA934-74EE-4513-B569-C6C368182E6B}.Release|x64.Build.0 = Release|x64
		{F73FA934-74EE-4513-B569-C6C368182E6B}.Release|x86.ActiveCfg = Release|Win32
		{F73FA934-74EE-4513-B569-C6C368182E6B}.Release|x86.Build.0 = Release|Win32
		{89A1C455-687E-4281-BD83-B2FA3ABD5DF4}.Debug|x64.ActiveCfg = Debug|x64
		{89A1C455-687E-4281-BD83-B2FA3ABD5DF4}.Debug|x64.Build.0 = Debug|x64
		{89A1C455-687E-4281-BD83-B2FA3ABD5DF4}.Debug|x86.ActiveCfg = Debug|Win32
		{89A1C455-687E-4281-BD83-B2FA3ABD5DF4}.Debug|x86.Build.0 = Debug|Win32
		{89A1C455-687E-4281-BD83-B2FA3ABD5DF4}.Release|x64.ActiveCfg = Release|x64
		{89A1C455-687E-4281-BD83-B2FA3ABD5DF4}.Release|x64.Build.0 = Release|x64
		{89A1C455-687E-4281-BD83-B2FA3ABD5DF4}.Release|x86.ActiveCfg = Release|Win32
		{89A1C455-687E-4281-BD83-B2FA3ABD5DF4}.Release|x86.Build.0 = Release|Win32
	EndGlobalSection
	GlobalSection(SolutionProperties) = preSolution
		HideSolutionNode = FALSE
	EndGlobalSection
	GlobalSection(ExtensibilityGlobals) = postSolution
		SolutionGuid = {7B38E121-7C8E-4D14-8868-08A7D7939C9E}
	EndGlobalSection
EndGlobal
